
Microsoft Visual Studio Solution File, Format Version 12.00
# Visual Studio 15
VisualStudioVersion = 15.0.26124.0
MinimumVisualStudioVersion = 15.0.26124.0
Project("{2150E333-8FDC-42A3-9474-1A3956D46DE8}") = "src", "src", "{8A28A924-0349-48F8-BF63-1998F48DB4CF}"
EndProject
Project("{FAE04EC0-301F-11D3-BF4B-00C04F79EFBC}") = "Models", "src\Models\Models.csproj", "{1FEED922-EFD8-473D-B0F2-D486F4A6D433}"
EndProject
Project("{FAE04EC0-301F-11D3-BF4B-00C04F79EFBC}") = "API", "src\API\API.csproj", "{892D1A5B-E1CA-480E-A89E-FBB8E225C1FA}"
EndProject
Project("{2150E333-8FDC-42A3-9474-1A3956D46DE8}") = "tests", "tests", "{46BA7032-7EC8-43F9-857D-2B6B52DC5497}"
EndProject
Project("{2150E333-8FDC-42A3-9474-1A3956D46DE8}") = "API", "API", "{F4A6FB01-AFB7-454C-857D-42E505C2E15F}"
EndProject
Project("{FAE04EC0-301F-11D3-BF4B-00C04F79EFBC}") = "Integration", "tests\API\Integration\Integration.csproj", "{3461F2EA-D659-47C5-99C1-A1AD1BD9E153}"
EndProject
Project("{FAE04EC0-301F-11D3-BF4B-00C04F79EFBC}") = "Database", "src\Database\Database.csproj", "{38D7740B-6731-480C-AA31-8E118657CD35}"
EndProject
Project("{FAE04EC0-301F-11D3-BF4B-00C04F79EFBC}") = "Unit", "tests\API\Unit\Unit.csproj", "{84E33E49-5985-4E29-88D6-2BEB4192BD55}"
EndProject
Project("{2150E333-8FDC-42A3-9474-1A3956D46DE8}") = "pact", "pact", "{E0A31656-1BBD-41B7-9C70-E010E5720635}"
EndProject
Project("{FAE04EC0-301F-11D3-BF4B-00C04F79EFBC}") = "StateServer", "pact\StateServer\StateServer.csproj", "{078E0E4E-10CA-42FE-B671-62054497BC92}"
EndProject
Project("{FAE04EC0-301F-11D3-BF4B-00C04F79EFBC}") = "Tasks", "src\Tasks\Tasks.csproj", "{685CDF0A-C458-45C0-BA40-5576925122D9}"
EndProject
Global
	GlobalSection(SolutionConfigurationPlatforms) = preSolution
		Debug|Any CPU = Debug|Any CPU
		Debug|x64 = Debug|x64
		Debug|x86 = Debug|x86
		Release|Any CPU = Release|Any CPU
		Release|x64 = Release|x64
		Release|x86 = Release|x86
	EndGlobalSection
	GlobalSection(SolutionProperties) = preSolution
		HideSolutionNode = FALSE
	EndGlobalSection
	GlobalSection(ProjectConfigurationPlatforms) = postSolution
		{1FEED922-EFD8-473D-B0F2-D486F4A6D433}.Debug|Any CPU.ActiveCfg = Debug|Any CPU
		{1FEED922-EFD8-473D-B0F2-D486F4A6D433}.Debug|Any CPU.Build.0 = Debug|Any CPU
		{1FEED922-EFD8-473D-B0F2-D486F4A6D433}.Debug|x64.ActiveCfg = Debug|Any CPU
		{1FEED922-EFD8-473D-B0F2-D486F4A6D433}.Debug|x64.Build.0 = Debug|Any CPU
		{1FEED922-EFD8-473D-B0F2-D486F4A6D433}.Debug|x86.ActiveCfg = Debug|Any CPU
		{1FEED922-EFD8-473D-B0F2-D486F4A6D433}.Debug|x86.Build.0 = Debug|Any CPU
		{1FEED922-EFD8-473D-B0F2-D486F4A6D433}.Release|Any CPU.ActiveCfg = Release|Any CPU
		{1FEED922-EFD8-473D-B0F2-D486F4A6D433}.Release|Any CPU.Build.0 = Release|Any CPU
		{1FEED922-EFD8-473D-B0F2-D486F4A6D433}.Release|x64.ActiveCfg = Release|Any CPU
		{1FEED922-EFD8-473D-B0F2-D486F4A6D433}.Release|x64.Build.0 = Release|Any CPU
		{1FEED922-EFD8-473D-B0F2-D486F4A6D433}.Release|x86.ActiveCfg = Release|Any CPU
		{1FEED922-EFD8-473D-B0F2-D486F4A6D433}.Release|x86.Build.0 = Release|Any CPU
		{892D1A5B-E1CA-480E-A89E-FBB8E225C1FA}.Debug|Any CPU.ActiveCfg = Debug|Any CPU
		{892D1A5B-E1CA-480E-A89E-FBB8E225C1FA}.Debug|Any CPU.Build.0 = Debug|Any CPU
		{892D1A5B-E1CA-480E-A89E-FBB8E225C1FA}.Debug|x64.ActiveCfg = Debug|Any CPU
		{892D1A5B-E1CA-480E-A89E-FBB8E225C1FA}.Debug|x64.Build.0 = Debug|Any CPU
		{892D1A5B-E1CA-480E-A89E-FBB8E225C1FA}.Debug|x86.ActiveCfg = Debug|Any CPU
		{892D1A5B-E1CA-480E-A89E-FBB8E225C1FA}.Debug|x86.Build.0 = Debug|Any CPU
		{892D1A5B-E1CA-480E-A89E-FBB8E225C1FA}.Release|Any CPU.ActiveCfg = Release|Any CPU
		{892D1A5B-E1CA-480E-A89E-FBB8E225C1FA}.Release|Any CPU.Build.0 = Release|Any CPU
		{892D1A5B-E1CA-480E-A89E-FBB8E225C1FA}.Release|x64.ActiveCfg = Release|Any CPU
		{892D1A5B-E1CA-480E-A89E-FBB8E225C1FA}.Release|x64.Build.0 = Release|Any CPU
		{892D1A5B-E1CA-480E-A89E-FBB8E225C1FA}.Release|x86.ActiveCfg = Release|Any CPU
		{892D1A5B-E1CA-480E-A89E-FBB8E225C1FA}.Release|x86.Build.0 = Release|Any CPU
		{3461F2EA-D659-47C5-99C1-A1AD1BD9E153}.Debug|Any CPU.ActiveCfg = Debug|Any CPU
		{3461F2EA-D659-47C5-99C1-A1AD1BD9E153}.Debug|Any CPU.Build.0 = Debug|Any CPU
		{3461F2EA-D659-47C5-99C1-A1AD1BD9E153}.Debug|x64.ActiveCfg = Debug|Any CPU
		{3461F2EA-D659-47C5-99C1-A1AD1BD9E153}.Debug|x64.Build.0 = Debug|Any CPU
		{3461F2EA-D659-47C5-99C1-A1AD1BD9E153}.Debug|x86.ActiveCfg = Debug|Any CPU
		{3461F2EA-D659-47C5-99C1-A1AD1BD9E153}.Debug|x86.Build.0 = Debug|Any CPU
		{3461F2EA-D659-47C5-99C1-A1AD1BD9E153}.Release|Any CPU.ActiveCfg = Release|Any CPU
		{3461F2EA-D659-47C5-99C1-A1AD1BD9E153}.Release|Any CPU.Build.0 = Release|Any CPU
		{3461F2EA-D659-47C5-99C1-A1AD1BD9E153}.Release|x64.ActiveCfg = Release|Any CPU
		{3461F2EA-D659-47C5-99C1-A1AD1BD9E153}.Release|x64.Build.0 = Release|Any CPU
		{3461F2EA-D659-47C5-99C1-A1AD1BD9E153}.Release|x86.ActiveCfg = Release|Any CPU
		{3461F2EA-D659-47C5-99C1-A1AD1BD9E153}.Release|x86.Build.0 = Release|Any CPU
		{38D7740B-6731-480C-AA31-8E118657CD35}.Debug|Any CPU.ActiveCfg = Debug|Any CPU
		{38D7740B-6731-480C-AA31-8E118657CD35}.Debug|Any CPU.Build.0 = Debug|Any CPU
		{38D7740B-6731-480C-AA31-8E118657CD35}.Debug|x64.ActiveCfg = Debug|Any CPU
		{38D7740B-6731-480C-AA31-8E118657CD35}.Debug|x64.Build.0 = Debug|Any CPU
		{38D7740B-6731-480C-AA31-8E118657CD35}.Debug|x86.ActiveCfg = Debug|Any CPU
		{38D7740B-6731-480C-AA31-8E118657CD35}.Debug|x86.Build.0 = Debug|Any CPU
		{38D7740B-6731-480C-AA31-8E118657CD35}.Release|Any CPU.ActiveCfg = Release|Any CPU
		{38D7740B-6731-480C-AA31-8E118657CD35}.Release|Any CPU.Build.0 = Release|Any CPU
		{38D7740B-6731-480C-AA31-8E118657CD35}.Release|x64.ActiveCfg = Release|Any CPU
		{38D7740B-6731-480C-AA31-8E118657CD35}.Release|x64.Build.0 = Release|Any CPU
		{38D7740B-6731-480C-AA31-8E118657CD35}.Release|x86.ActiveCfg = Release|Any CPU
		{38D7740B-6731-480C-AA31-8E118657CD35}.Release|x86.Build.0 = Release|Any CPU
		{84E33E49-5985-4E29-88D6-2BEB4192BD55}.Debug|Any CPU.ActiveCfg = Debug|Any CPU
		{84E33E49-5985-4E29-88D6-2BEB4192BD55}.Debug|Any CPU.Build.0 = Debug|Any CPU
		{84E33E49-5985-4E29-88D6-2BEB4192BD55}.Debug|x64.ActiveCfg = Debug|Any CPU
		{84E33E49-5985-4E29-88D6-2BEB4192BD55}.Debug|x64.Build.0 = Debug|Any CPU
		{84E33E49-5985-4E29-88D6-2BEB4192BD55}.Debug|x86.ActiveCfg = Debug|Any CPU
		{84E33E49-5985-4E29-88D6-2BEB4192BD55}.Debug|x86.Build.0 = Debug|Any CPU
		{84E33E49-5985-4E29-88D6-2BEB4192BD55}.Release|Any CPU.ActiveCfg = Release|Any CPU
		{84E33E49-5985-4E29-88D6-2BEB4192BD55}.Release|Any CPU.Build.0 = Release|Any CPU
		{84E33E49-5985-4E29-88D6-2BEB4192BD55}.Release|x64.ActiveCfg = Release|Any CPU
		{84E33E49-5985-4E29-88D6-2BEB4192BD55}.Release|x64.Build.0 = Release|Any CPU
		{84E33E49-5985-4E29-88D6-2BEB4192BD55}.Release|x86.ActiveCfg = Release|Any CPU
		{84E33E49-5985-4E29-88D6-2BEB4192BD55}.Release|x86.Build.0 = Release|Any CPU
		{078E0E4E-10CA-42FE-B671-62054497BC92}.Debug|Any CPU.ActiveCfg = Debug|Any CPU
		{078E0E4E-10CA-42FE-B671-62054497BC92}.Debug|Any CPU.Build.0 = Debug|Any CPU
		{078E0E4E-10CA-42FE-B671-62054497BC92}.Debug|x64.ActiveCfg = Debug|Any CPU
		{078E0E4E-10CA-42FE-B671-62054497BC92}.Debug|x64.Build.0 = Debug|Any CPU
		{078E0E4E-10CA-42FE-B671-62054497BC92}.Debug|x86.ActiveCfg = Debug|Any CPU
		{078E0E4E-10CA-42FE-B671-62054497BC92}.Debug|x86.Build.0 = Debug|Any CPU
		{078E0E4E-10CA-42FE-B671-62054497BC92}.Release|Any CPU.ActiveCfg = Release|Any CPU
		{078E0E4E-10CA-42FE-B671-62054497BC92}.Release|Any CPU.Build.0 = Release|Any CPU
		{078E0E4E-10CA-42FE-B671-62054497BC92}.Release|x64.ActiveCfg = Release|Any CPU
		{078E0E4E-10CA-42FE-B671-62054497BC92}.Release|x64.Build.0 = Release|Any CPU
		{078E0E4E-10CA-42FE-B671-62054497BC92}.Release|x86.ActiveCfg = Release|Any CPU
		{078E0E4E-10CA-42FE-B671-62054497BC92}.Release|x86.Build.0 = Release|Any CPU
		{685CDF0A-C458-45C0-BA40-5576925122D9}.Debug|Any CPU.ActiveCfg = Debug|Any CPU
		{685CDF0A-C458-45C0-BA40-5576925122D9}.Debug|Any CPU.Build.0 = Debug|Any CPU
		{685CDF0A-C458-45C0-BA40-5576925122D9}.Debug|x64.ActiveCfg = Debug|Any CPU
		{685CDF0A-C458-45C0-BA40-5576925122D9}.Debug|x64.Build.0 = Debug|Any CPU
		{685CDF0A-C458-45C0-BA40-5576925122D9}.Debug|x86.ActiveCfg = Debug|Any CPU
		{685CDF0A-C458-45C0-BA40-5576925122D9}.Debug|x86.Build.0 = Debug|Any CPU
		{685CDF0A-C458-45C0-BA40-5576925122D9}.Release|Any CPU.ActiveCfg = Release|Any CPU
		{685CDF0A-C458-45C0-BA40-5576925122D9}.Release|Any CPU.Build.0 = Release|Any CPU
		{685CDF0A-C458-45C0-BA40-5576925122D9}.Release|x64.ActiveCfg = Release|Any CPU
		{685CDF0A-C458-45C0-BA40-5576925122D9}.Release|x64.Build.0 = Release|Any CPU
		{685CDF0A-C458-45C0-BA40-5576925122D9}.Release|x86.ActiveCfg = Release|Any CPU
		{685CDF0A-C458-45C0-BA40-5576925122D9}.Release|x86.Build.0 = Release|Any CPU
	EndGlobalSection
	GlobalSection(NestedProjects) = preSolution
		{1FEED922-EFD8-473D-B0F2-D486F4A6D433} = {8A28A924-0349-48F8-BF63-1998F48DB4CF}
		{892D1A5B-E1CA-480E-A89E-FBB8E225C1FA} = {8A28A924-0349-48F8-BF63-1998F48DB4CF}
		{F4A6FB01-AFB7-454C-857D-42E505C2E15F} = {46BA7032-7EC8-43F9-857D-2B6B52DC5497}
		{3461F2EA-D659-47C5-99C1-A1AD1BD9E153} = {F4A6FB01-AFB7-454C-857D-42E505C2E15F}
		{38D7740B-6731-480C-AA31-8E118657CD35} = {8A28A924-0349-48F8-BF63-1998F48DB4CF}
		{84E33E49-5985-4E29-88D6-2BEB4192BD55} = {F4A6FB01-AFB7-454C-857D-42E505C2E15F}
		{078E0E4E-10CA-42FE-B671-62054497BC92} = {E0A31656-1BBD-41B7-9C70-E010E5720635}
		{685CDF0A-C458-45C0-BA40-5576925122D9} = {8A28A924-0349-48F8-BF63-1998F48DB4CF}
	EndGlobalSection
EndGlobal
